<?xml version="1.0" encoding="utf-8"?>
<Project ToolsVersion="4.0" xmlns="http://schemas.microsoft.com/developer/msbuild/2003">
  <ItemGroup>
    <Filter Include="Source Files">
      <UniqueIdentifier>{4FC737F1-C7A5-4376-A066-2A32D752A2FF}</UniqueIdentifier>
      <Extensions>cpp;c;cc;cxx;def;odl;idl;hpj;bat;asm;asmx</Extensions>
    </Filter>
    <Filter Include="Header Files">
      <UniqueIdentifier>{93995380-89BD-4b04-88EB-625FBE52EBFB}</UniqueIdentifier>
      <Extensions>h;hh;hpp;hxx;hm;inl;inc;ipp;xsd</Extensions>
    </Filter>
    <Filter Include="Resource Files">
      <UniqueIdentifier>{67DA6AB6-F800-4c08-8B7A-83BB121AAD01}</UniqueIdentifier>
      <Extensions>rc;ico;cur;bmp;dlg;rc2;rct;bin;rgs;gif;jpg;jpeg;jpe;resx;tiff;tif;png;wav;mfcribbon-ms</Extensions>
    </Filter>
    <Filter Include="Shaders">
      <UniqueIdentifier>{e0208c4b-e96d-43a8-a523-7d5d09346f79}</UniqueIdentifier>
    </Filter>
    <Filter Include="Header Files\Utils">
      <UniqueIdentifier>{4773f990-1bdd-407b-8585-b35fa8709673}</UniqueIdentifier>
    </Filter>
    <Filter Include="Header Files\Entities">
      <UniqueIdentifier>{60349428-518e-44d9-b45e-0194cb53472e}</UniqueIdentifier>
    </Filter>
    <Filter Include="Source Files\Entities">
      <UniqueIdentifier>{aadc0ecc-e08d-48a4-8937-e1e6f0f74162}</UniqueIdentifier>
    </Filter>
    <Filter Include="Source Files\External">
      <UniqueIdentifier>{d3ab9b74-6a10-46c9-ace7-3ef821934903}</UniqueIdentifier>
    </Filter>
    <Filter Include="Header Files\External">
      <UniqueIdentifier>{2e9bb674-0e1f-44ab-bddc-96901e973834}</UniqueIdentifier>
    </Filter>
  </ItemGroup>
  <ItemGroup>
    <ClCompile Include="Camera_m.h">
      <Filter>Header Files\Utils</Filter>
    </ClCompile>
    <ClCompile Include="Car.cpp">
      <Filter>Source Files\Entities</Filter>
    </ClCompile>
    <ClCompile Include="glad.c">
      <Filter>Source Files\External</Filter>
    </ClCompile>
    <ClCompile Include="main_assimp.cpp">
      <Filter>Source Files</Filter>
    </ClCompile>
    <ClCompile Include="Fog.cpp">
      <Filter>Source Files\Entities</Filter>
    </ClCompile>
  </ItemGroup>
  <ItemGroup>
    <ClInclude Include="Shader_m.h">
      <Filter>Header Files\Utils</Filter>
    </ClInclude>
    <ClInclude Include="Car.h">
      <Filter>Header Files\Entities</Filter>
    </ClInclude>
    <ClInclude Include="Model_m.h">
      <Filter>Header Files\Utils</Filter>
    </ClInclude>
    <ClInclude Include="stb_image.h">
      <Filter>Header Files\External</Filter>
    </ClInclude>
    <ClInclude Include="Mesh_m.h">
      <Filter>Header Files\Utils</Filter>
    </ClInclude>
    <ClInclude Include="Fog.h">
      <Filter>Header Files\Entities</Filter>
    </ClInclude>
    <ClInclude Include="DayNight.h">
      <Filter>Header Files\Entities</Filter>
    </ClInclude>
  </ItemGroup>
  <ItemGroup>
    <None Include="phong.fs">
      <Filter>Shaders</Filter>
    </None>
    <None Include="phong.vs">
      <Filter>Shaders</Filter>
    </None>
    <None Include="blinn.fs">
      <Filter>Shaders</Filter>
    </None>
    <None Include="blinn.vs">
      <Filter>Shaders</Filter>
    </None>
  </ItemGroup>
</Project>