<?xml version="1.0" encoding="utf-8"?>
<Project ToolsVersion="4.0" xmlns="http://schemas.microsoft.com/developer/msbuild/2003">
  <ItemGroup>
    <Filter Include="Source Files">
      <UniqueIdentifier>{4FC737F1-C7A5-4376-A066-2A32D752A2FF}</UniqueIdentifier>
      <Extensions>cpp;c;cc;cxx;def;odl;idl;hpj;bat;asm;asmx</Extensions>
    </Filter>
    <Filter Include="Header Files">
      <UniqueIdentifier>{93995380-89BD-4b04-88EB-625FBE52EBFB}</UniqueIdentifier>
      <Extensions>h;hh;hpp;hxx;hm;inl;inc;ipp;xsd</Extensions>
    </Filter>
    <Filter Include="Resource Files">
      <UniqueIdentifier>{67DA6AB6-F800-4c08-8B7A-83BB121AAD01}</UniqueIdentifier>
      <Extensions>rc;ico;cur;bmp;dlg;rc2;rct;bin;rgs;gif;jpg;jpeg;jpe;resx;tiff;tif;png;wav;mfcribbon-ms</Extensions>
    </Filter>
    <Filter Include="Shaders">
      <UniqueIdentifier>{e0208c4b-e96d-43a8-a523-7d5d09346f79}</UniqueIdentifier>
    </Filter>
    <Filter Include="Source Files\Positions">
      <UniqueIdentifier>{324f1d6a-6a55-4a4a-95df-fb35b928d17c}</UniqueIdentifier>
    </Filter>
    <Filter Include="Header Files\Positions">
      <UniqueIdentifier>{f76023c2-73bd-46e3-aa3a-fbc602a2c61d}</UniqueIdentifier>
    </Filter>
    <Filter Include="Header Files\Utils">
      <UniqueIdentifier>{4773f990-1bdd-407b-8585-b35fa8709673}</UniqueIdentifier>
    </Filter>
    <Filter Include="Header Files\Entities">
      <UniqueIdentifier>{60349428-518e-44d9-b45e-0194cb53472e}</UniqueIdentifier>
    </Filter>
    <Filter Include="Source Files\Entities">
      <UniqueIdentifier>{aadc0ecc-e08d-48a4-8937-e1e6f0f74162}</UniqueIdentifier>
    </Filter>
    <Filter Include="Source Files\External">
      <UniqueIdentifier>{d3ab9b74-6a10-46c9-ace7-3ef821934903}</UniqueIdentifier>
    </Filter>
    <Filter Include="Source Files\Utils">
      <UniqueIdentifier>{3e5e607f-2a97-471f-8cf2-0b60f4e5123b}</UniqueIdentifier>
    </Filter>
    <Filter Include="Header Files\Shadows">
      <UniqueIdentifier>{2f14cd90-b30e-4b40-b993-89567d1e3db1}</UniqueIdentifier>
    </Filter>
    <Filter Include="Source Files\Shadows">
      <UniqueIdentifier>{caaee544-1290-4318-a34f-d336723ae0df}</UniqueIdentifier>
    </Filter>
    <Filter Include="Header Files\External">
      <UniqueIdentifier>{2e9bb674-0e1f-44ab-bddc-96901e973834}</UniqueIdentifier>
    </Filter>
  </ItemGroup>
  <ItemGroup>
    <ClCompile Include="CarPos.cpp">
      <Filter>Source Files\Positions</Filter>
    </ClCompile>
    <ClCompile Include="WeelPos.cpp">
      <Filter>Source Files\Positions</Filter>
    </ClCompile>
    <ClCompile Include="HousePos.cpp">
      <Filter>Source Files\Positions</Filter>
    </ClCompile>
    <ClCompile Include="Camera_m.h">
      <Filter>Header Files\Utils</Filter>
    </ClCompile>
    <ClCompile Include="Block.cpp">
      <Filter>Source Files\Entities</Filter>
    </ClCompile>
    <ClCompile Include="Car.cpp">
      <Filter>Source Files\Entities</Filter>
    </ClCompile>
    <ClCompile Include="House.cpp">
      <Filter>Source Files\Entities</Filter>
    </ClCompile>
    <ClCompile Include="glad.c">
      <Filter>Source Files\External</Filter>
    </ClCompile>
    <ClCompile Include="LampPos.cpp">
      <Filter>Source Files\Positions</Filter>
    </ClCompile>
    <ClCompile Include="DrawUtils.cpp">
      <Filter>Source Files\Utils</Filter>
    </ClCompile>
    <ClCompile Include="Lamp.cpp">
      <Filter>Source Files\Entities</Filter>
    </ClCompile>
    <ClCompile Include="PointShadow.cpp">
      <Filter>Source Files\Shadows</Filter>
    </ClCompile>
    <ClCompile Include="DirectShadow.cpp">
      <Filter>Source Files\Shadows</Filter>
    </ClCompile>
    <ClCompile Include="Floor.cpp">
      <Filter>Source Files\Entities</Filter>
    </ClCompile>
    <ClCompile Include="main_assimp.cpp">
      <Filter>Source Files</Filter>
    </ClCompile>
    <ClCompile Include="main.cpp">
      <Filter>Source Files</Filter>
    </ClCompile>
    <ClCompile Include="Fog.cpp">
      <Filter>Source Files\Entities</Filter>
    </ClCompile>
  </ItemGroup>
  <ItemGroup>
    <ClInclude Include="CarPos.h">
      <Filter>Header Files\Positions</Filter>
    </ClInclude>
    <ClInclude Include="WeelPos.h">
      <Filter>Header Files\Positions</Filter>
    </ClInclude>
    <ClInclude Include="HousePos.h">
      <Filter>Header Files\Positions</Filter>
    </ClInclude>
    <ClInclude Include="HouseParams.h">
      <Filter>Header Files\Positions</Filter>
    </ClInclude>
    <ClInclude Include="Utils.h">
      <Filter>Header Files\Utils</Filter>
    </ClInclude>
    <ClInclude Include="Shader_m.h">
      <Filter>Header Files\Utils</Filter>
    </ClInclude>
    <ClInclude Include="VItem.h">
      <Filter>Header Files\Utils</Filter>
    </ClInclude>
    <ClInclude Include="Block.h">
      <Filter>Header Files\Entities</Filter>
    </ClInclude>
    <ClInclude Include="Car.h">
      <Filter>Header Files\Entities</Filter>
    </ClInclude>
    <ClInclude Include="House.h">
      <Filter>Header Files\Entities</Filter>
    </ClInclude>
    <ClInclude Include="DrawUtils.h">
      <Filter>Header Files\Utils</Filter>
    </ClInclude>
    <ClInclude Include="LampPos.h">
      <Filter>Header Files\Positions</Filter>
    </ClInclude>
    <ClInclude Include="Lamp.h">
      <Filter>Header Files\Entities</Filter>
    </ClInclude>
    <ClInclude Include="PointShadow.h">
      <Filter>Header Files\Shadows</Filter>
    </ClInclude>
    <ClInclude Include="DirectShadow.h">
      <Filter>Header Files\Shadows</Filter>
    </ClInclude>
    <ClInclude Include="Floor.h">
      <Filter>Header Files\Entities</Filter>
    </ClInclude>
    <ClInclude Include="Model_m.h">
      <Filter>Header Files\Utils</Filter>
    </ClInclude>
    <ClInclude Include="stb_image.h">
      <Filter>Header Files\External</Filter>
    </ClInclude>
    <ClInclude Include="Mesh_m.h">
      <Filter>Header Files\Utils</Filter>
    </ClInclude>
    <ClInclude Include="Fog.h">
      <Filter>Header Files\Entities</Filter>
    </ClInclude>
  </ItemGroup>
  <ItemGroup>
    <None Include="mvp.vs">
      <Filter>Shaders</Filter>
    </None>
    <None Include="mvp.fs">
      <Filter>Shaders</Filter>
    </None>
    <None Include="shadow_mvp.fs">
      <Filter>Shaders</Filter>
    </None>
    <None Include="shadow_mvp.vs">
      <Filter>Shaders</Filter>
    </None>
    <None Include="shadow_mvp.gs">
      <Filter>Shaders</Filter>
    </None>
    <None Include="car_shadow_mvp.fs">
      <Filter>Shaders</Filter>
    </None>
    <None Include="car_shadow_mvp.vs">
      <Filter>Shaders</Filter>
    </None>
    <None Include="1.model_loading.vs">
      <Filter>Shaders</Filter>
    </None>
    <None Include="1.model_loading.fs">
      <Filter>Shaders</Filter>
    </None>
    <None Include="book.fs">
      <Filter>Shaders</Filter>
    </None>
    <None Include="book.vs">
      <Filter>Shaders</Filter>
    </None>
    <None Include="book_shadows.fs">
      <Filter>Shaders</Filter>
    </None>
  </ItemGroup>
</Project>